{
  "version": "0.1.0",
  "lockfileVersion": 1,
  "requires": true,
  "dependencies": {
    "@aws-cdk/assets": {
      "version": "1.32.2",
      "resolved": "https://registry.npmjs.org/@aws-cdk/assets/-/assets-1.32.2.tgz",
      "integrity": "sha512-GOAGU2yHpXfBkzDRGZbVKoT717Huvhczmqj0KCkM83Sh4mCf43cdIMennMU1kGsvZAOS7QC1O/Xps+1KHqerkg==",
      "dev": true,
      "requires": {
        "@aws-cdk/core": "1.32.2",
        "@aws-cdk/cx-api": "1.32.2",
        "constructs": "^2.0.0",
        "minimatch": "^3.0.4"
      },
      "dependencies": {
        "balanced-match": {
          "version": "1.0.0",
          "bundled": true,
          "dev": true
        },
        "brace-expansion": {
          "version": "1.1.11",
          "bundled": true,
          "dev": true,
          "requires": {
            "balanced-match": "^1.0.0",
            "concat-map": "0.0.1"
          }
        },
        "concat-map": {
          "version": "0.0.1",
          "bundled": true,
          "dev": true
        },
        "minimatch": {
          "version": "3.0.4",
          "bundled": true,
          "dev": true,
          "requires": {
            "brace-expansion": "^1.1.7"
          }
        }
      }
    },
    "@aws-cdk/aws-apigateway": {
      "version": "1.32.2",
      "resolved": "https://registry.npmjs.org/@aws-cdk/aws-apigateway/-/aws-apigateway-1.32.2.tgz",
      "integrity": "sha512-edtDTvdvleMHtN9jpot+rwHDKfmH+tCIGFGLmbECyfcXVxPkvKOzW08V3lwl5PcrxS5BaAqPSNYn7+tONOoYew==",
      "dev": true,
      "requires": {
        "@aws-cdk/aws-certificatemanager": "1.32.2",
        "@aws-cdk/aws-ec2": "1.32.2",
        "@aws-cdk/aws-elasticloadbalancingv2": "1.32.2",
        "@aws-cdk/aws-iam": "1.32.2",
        "@aws-cdk/aws-lambda": "1.32.2",
        "@aws-cdk/aws-logs": "1.32.2",
        "@aws-cdk/core": "1.32.2",
        "constructs": "^2.0.0"
      }
    },
    "@aws-cdk/aws-certificatemanager": {
      "version": "1.32.2",
      "resolved": "https://registry.npmjs.org/@aws-cdk/aws-certificatemanager/-/aws-certificatemanager-1.32.2.tgz",
      "integrity": "sha512-vGa6zqr6+8/zzlVAsz5biY1NxLznCivYZnVj09BCtaqmXPgWkNcIGxnyEZnNLoLPSdDD6JwdQZU6tHARg+Wo1w==",
      "dev": true,
      "requires": {
        "@aws-cdk/aws-cloudformation": "1.32.2",
        "@aws-cdk/aws-iam": "1.32.2",
        "@aws-cdk/aws-lambda": "1.32.2",
        "@aws-cdk/aws-route53": "1.32.2",
        "@aws-cdk/core": "1.32.2",
        "constructs": "^2.0.0"
      }
    },
    "@aws-cdk/aws-cloudformation": {
      "version": "1.32.2",
      "resolved": "https://registry.npmjs.org/@aws-cdk/aws-cloudformation/-/aws-cloudformation-1.32.2.tgz",
      "integrity": "sha512-3f6c16/0meFdD1LNIvLcQd/I1qnzogVSRa+aqAHDG8gi9pwVS/Y/IDquifa4ox+3wMjKRIDBd6C9+xUhvaUAgw==",
      "dev": true,
      "requires": {
        "@aws-cdk/aws-iam": "1.32.2",
        "@aws-cdk/aws-lambda": "1.32.2",
        "@aws-cdk/aws-s3": "1.32.2",
        "@aws-cdk/aws-sns": "1.32.2",
        "@aws-cdk/core": "1.32.2",
        "@aws-cdk/cx-api": "1.32.2",
        "constructs": "^2.0.0"
      }
    },
    "@aws-cdk/aws-cloudfront": {
      "version": "1.32.2",
      "resolved": "https://registry.npmjs.org/@aws-cdk/aws-cloudfront/-/aws-cloudfront-1.32.2.tgz",
      "integrity": "sha512-zebzZMW6KmASUPDtluNGHKlnCLw+zxD1AKlQUrYUnCyGOqEv9RfgEnBWadpqO3nYj0wxZQtglRvbYLlZEYXafg==",
      "dev": true,
      "requires": {
        "@aws-cdk/aws-certificatemanager": "1.32.2",
        "@aws-cdk/aws-iam": "1.32.2",
        "@aws-cdk/aws-kms": "1.32.2",
        "@aws-cdk/aws-lambda": "1.32.2",
        "@aws-cdk/aws-s3": "1.32.2",
        "@aws-cdk/core": "1.32.2",
        "constructs": "^2.0.0"
      }
    },
    "@aws-cdk/aws-cloudwatch": {
      "version": "1.32.2",
      "resolved": "https://registry.npmjs.org/@aws-cdk/aws-cloudwatch/-/aws-cloudwatch-1.32.2.tgz",
      "integrity": "sha512-QbrkIKqs6hn5SnFFdVzZTx09Esr3Kd7md/Nrkq96vfp8UVW0d+6sTUZdeXppF+qvu8WOGradZWOKUd6RwPfyyg==",
      "dev": true,
      "requires": {
        "@aws-cdk/aws-iam": "1.32.2",
        "@aws-cdk/core": "1.32.2",
        "constructs": "^2.0.0"
      }
    },
    "@aws-cdk/aws-ec2": {
      "version": "1.32.2",
      "resolved": "https://registry.npmjs.org/@aws-cdk/aws-ec2/-/aws-ec2-1.32.2.tgz",
      "integrity": "sha512-hYEWRYsXH+6QBx6OZH3wvUTKYeu9qnVdOsi1v4JHyfhGLeAvQIhSGTq9G2HtEyRs68svlJivAbDoYexaI3mFHg==",
      "dev": true,
      "requires": {
        "@aws-cdk/aws-cloudwatch": "1.32.2",
        "@aws-cdk/aws-iam": "1.32.2",
        "@aws-cdk/aws-logs": "1.32.2",
        "@aws-cdk/aws-s3": "1.32.2",
        "@aws-cdk/aws-ssm": "1.32.2",
        "@aws-cdk/core": "1.32.2",
        "@aws-cdk/cx-api": "1.32.2",
        "constructs": "^2.0.0"
      }
    },
    "@aws-cdk/aws-elasticloadbalancing": {
      "version": "1.32.2",
      "resolved": "https://registry.npmjs.org/@aws-cdk/aws-elasticloadbalancing/-/aws-elasticloadbalancing-1.32.2.tgz",
      "integrity": "sha512-3SCj5r0OKJ1EuxhBpI0ZiS/LlV0ZJgN9pXUzZIg5UoQwTJTS4m/aprqnjTdU8RO2H7xqmvKvVvd9hTBICNsC2g==",
      "dev": true,
      "requires": {
        "@aws-cdk/aws-ec2": "1.32.2",
        "@aws-cdk/core": "1.32.2",
        "constructs": "^2.0.0"
      }
    },
    "@aws-cdk/aws-elasticloadbalancingv2": {
      "version": "1.32.2",
      "resolved": "https://registry.npmjs.org/@aws-cdk/aws-elasticloadbalancingv2/-/aws-elasticloadbalancingv2-1.32.2.tgz",
      "integrity": "sha512-hyntuMSOETzLS/FU3TcLu5X3HQzlFJuzD22BBa3wo6I7BHysyzgUCiVIGZI8ylOtJnW1sJUXMPo1fHCW3fVrWA==",
      "dev": true,
      "requires": {
        "@aws-cdk/aws-certificatemanager": "1.32.2",
        "@aws-cdk/aws-cloudwatch": "1.32.2",
        "@aws-cdk/aws-ec2": "1.32.2",
        "@aws-cdk/aws-iam": "1.32.2",
        "@aws-cdk/aws-lambda": "1.32.2",
        "@aws-cdk/aws-s3": "1.32.2",
        "@aws-cdk/core": "1.32.2",
        "constructs": "^2.0.0"
      }
    },
    "@aws-cdk/aws-events": {
      "version": "1.32.2",
      "resolved": "https://registry.npmjs.org/@aws-cdk/aws-events/-/aws-events-1.32.2.tgz",
      "integrity": "sha512-HmgngkQVE8ePAfy62dMb6bFzLT2XywrNb7JkcOk/u8VOCdWxMX10fk3YjMoNBknYdMaPolvDFPFURkWCsoMOSw==",
      "dev": true,
      "requires": {
        "@aws-cdk/aws-iam": "1.32.2",
        "@aws-cdk/core": "1.32.2",
        "constructs": "^2.0.0"
      }
    },
    "@aws-cdk/aws-iam": {
      "version": "1.32.2",
      "resolved": "https://registry.npmjs.org/@aws-cdk/aws-iam/-/aws-iam-1.32.2.tgz",
      "integrity": "sha512-fRFQCUBH7L3xUfzFExB2UCfv8bc5yxUbWh9oOqy3uawSP9g6eqgZZutCUp2qkCFfuJFe/gbFIWacpqvM9rQ7Sg==",
      "dev": true,
      "requires": {
        "@aws-cdk/core": "1.32.2",
        "@aws-cdk/region-info": "1.32.2",
        "constructs": "^2.0.0"
      }
    },
    "@aws-cdk/aws-kms": {
      "version": "1.32.2",
      "resolved": "https://registry.npmjs.org/@aws-cdk/aws-kms/-/aws-kms-1.32.2.tgz",
      "integrity": "sha512-yjINmHXSd5r/XpqGuW0W5memx/LFMb4gKASDSbQPP4KZsP3xlJBQ1+t+ONeVe5iCJpAnh8uTCRNxgZ6CpopOrQ==",
      "dev": true,
      "requires": {
        "@aws-cdk/aws-iam": "1.32.2",
        "@aws-cdk/core": "1.32.2",
        "constructs": "^2.0.0"
      }
    },
    "@aws-cdk/aws-lambda": {
      "version": "1.32.2",
      "resolved": "https://registry.npmjs.org/@aws-cdk/aws-lambda/-/aws-lambda-1.32.2.tgz",
      "integrity": "sha512-CXHhpYySI6osPQH05Pr4NbkI9zYjtBQSOC+P9jCbp29mRDw2H7hyMgAjKpfrdnjXfUB5uR9dObrxxTIHG3Nwkw==",
      "dev": true,
      "requires": {
        "@aws-cdk/aws-cloudwatch": "1.32.2",
        "@aws-cdk/aws-ec2": "1.32.2",
        "@aws-cdk/aws-events": "1.32.2",
        "@aws-cdk/aws-iam": "1.32.2",
        "@aws-cdk/aws-logs": "1.32.2",
        "@aws-cdk/aws-s3": "1.32.2",
        "@aws-cdk/aws-s3-assets": "1.32.2",
        "@aws-cdk/aws-sqs": "1.32.2",
        "@aws-cdk/core": "1.32.2",
        "@aws-cdk/cx-api": "1.32.2",
        "constructs": "^2.0.0"
      }
    },
    "@aws-cdk/aws-logs": {
      "version": "1.32.2",
      "resolved": "https://registry.npmjs.org/@aws-cdk/aws-logs/-/aws-logs-1.32.2.tgz",
      "integrity": "sha512-wgR/OUraOumK9DCktO0w3+8W1pLm/9nwuYurigzahQTBZ35ueJfy7xUJ1yybjE5pGEV60IC+ps82hKCRK67obw==",
      "dev": true,
      "requires": {
        "@aws-cdk/aws-cloudwatch": "1.32.2",
        "@aws-cdk/aws-iam": "1.32.2",
        "@aws-cdk/core": "1.32.2",
        "constructs": "^2.0.0"
      }
    },
    "@aws-cdk/aws-route53": {
      "version": "1.32.2",
      "resolved": "https://registry.npmjs.org/@aws-cdk/aws-route53/-/aws-route53-1.32.2.tgz",
      "integrity": "sha512-veMCXXm/aFtntxe65WZB7LZpGWY/CBy64k9Ml+4MysSKqp9znO8vBiYQgjOc6sfsb1KC+5VJJs49EZXetoOsaQ==",
      "dev": true,
      "requires": {
        "@aws-cdk/aws-ec2": "1.32.2",
        "@aws-cdk/aws-logs": "1.32.2",
        "@aws-cdk/core": "1.32.2",
        "@aws-cdk/cx-api": "1.32.2",
        "constructs": "^2.0.0"
      }
    },
    "@aws-cdk/aws-route53-targets": {
      "version": "1.32.2",
      "resolved": "https://registry.npmjs.org/@aws-cdk/aws-route53-targets/-/aws-route53-targets-1.32.2.tgz",
      "integrity": "sha512-doJVhFPimDz/eUIp6IliD+XXs3WjyT+KE0mfR57p2I4a9FRvcu2qv+HNTXAdkQfzL05w4xYvxqeDYnwNe9Faaw==",
      "dev": true,
      "requires": {
        "@aws-cdk/aws-apigateway": "1.32.2",
        "@aws-cdk/aws-cloudfront": "1.32.2",
        "@aws-cdk/aws-ec2": "1.32.2",
        "@aws-cdk/aws-elasticloadbalancing": "1.32.2",
        "@aws-cdk/aws-elasticloadbalancingv2": "1.32.2",
        "@aws-cdk/aws-iam": "1.32.2",
        "@aws-cdk/aws-route53": "1.32.2",
        "@aws-cdk/aws-s3": "1.32.2",
        "@aws-cdk/core": "1.32.2",
        "@aws-cdk/region-info": "1.32.2",
        "constructs": "^2.0.0"
      }
    },
    "@aws-cdk/aws-s3": {
      "version": "1.32.2",
      "resolved": "https://registry.npmjs.org/@aws-cdk/aws-s3/-/aws-s3-1.32.2.tgz",
      "integrity": "sha512-11Jxbo7e1V9HkGzJB2mr+VPUyf98D7rFKK4hGaXMicXQE4o1OLuTvGdU4Zw/EmlmGQf5PtCLHBhzy9au+Bnekw==",
      "dev": true,
      "requires": {
        "@aws-cdk/aws-events": "1.32.2",
        "@aws-cdk/aws-iam": "1.32.2",
        "@aws-cdk/aws-kms": "1.32.2",
        "@aws-cdk/core": "1.32.2",
        "constructs": "^2.0.0"
      }
    },
    "@aws-cdk/aws-s3-assets": {
      "version": "1.32.2",
      "resolved": "https://registry.npmjs.org/@aws-cdk/aws-s3-assets/-/aws-s3-assets-1.32.2.tgz",
      "integrity": "sha512-Tm+957UkyxJAznvSTbOR7aZ1kcukXLm8Ya/jvaz/rX39j4B57sPA+OwGyiSRSVJ9E7JvfGRyht9nVf2JW9o8Ng==",
      "dev": true,
      "requires": {
        "@aws-cdk/assets": "1.32.2",
        "@aws-cdk/aws-iam": "1.32.2",
        "@aws-cdk/aws-s3": "1.32.2",
        "@aws-cdk/core": "1.32.2",
        "@aws-cdk/cx-api": "1.32.2",
        "constructs": "^2.0.0"
      }
    },
    "@aws-cdk/aws-sns": {
      "version": "1.32.2",
      "resolved": "https://registry.npmjs.org/@aws-cdk/aws-sns/-/aws-sns-1.32.2.tgz",
      "integrity": "sha512-gGDIMwxjjf/2HltOJa8j2nGm/9Ck6bVddsm/a212abkxqXtPccNoZFyINFsONn+XA4jf+ikIfiT5SEgV4myGPA==",
      "dev": true,
      "requires": {
        "@aws-cdk/aws-cloudwatch": "1.32.2",
        "@aws-cdk/aws-events": "1.32.2",
        "@aws-cdk/aws-iam": "1.32.2",
        "@aws-cdk/aws-kms": "1.32.2",
        "@aws-cdk/core": "1.32.2",
        "constructs": "^2.0.0"
      }
    },
    "@aws-cdk/aws-sqs": {
      "version": "1.32.2",
      "resolved": "https://registry.npmjs.org/@aws-cdk/aws-sqs/-/aws-sqs-1.32.2.tgz",
      "integrity": "sha512-W82cMHO5OsNrapB5gjF+Gw/mOQahug5BZWAJ0AZ0BFyPJr/p30zCjIkJpmC1Ep9WtZCkichC+TJxvt3YJSLRPQ==",
      "dev": true,
      "requires": {
        "@aws-cdk/aws-cloudwatch": "1.32.2",
        "@aws-cdk/aws-iam": "1.32.2",
        "@aws-cdk/aws-kms": "1.32.2",
        "@aws-cdk/core": "1.32.2",
        "constructs": "^2.0.0"
      }
    },
    "@aws-cdk/aws-ssm": {
      "version": "1.32.2",
      "resolved": "https://registry.npmjs.org/@aws-cdk/aws-ssm/-/aws-ssm-1.32.2.tgz",
      "integrity": "sha512-sW68/G9NYf3+DsTDDGdT6pKMsujeH0Th8DFMFPl1BCD9wB5EVoS9dNUzKRzuNVHlwgtuSObI3XeWDza6UMy1wQ==",
      "dev": true,
      "requires": {
        "@aws-cdk/aws-iam": "1.32.2",
        "@aws-cdk/aws-kms": "1.32.2",
        "@aws-cdk/core": "1.32.2",
        "@aws-cdk/cx-api": "1.32.2",
        "constructs": "^2.0.0"
      }
    },
    "@aws-cdk/core": {
      "version": "1.32.2",
      "resolved": "https://registry.npmjs.org/@aws-cdk/core/-/core-1.32.2.tgz",
      "integrity": "sha512-gO+LpoGvToUwOGUhEsUAFAuRMjFhQvpbsurzJCEYFs/Je0vHX+b63iC4fkf74aZVHemKkDKY+xdzEAwIvIJB6Q==",
      "dev": true,
      "requires": {
        "@aws-cdk/cx-api": "1.32.2",
        "constructs": "^2.0.0"
      }
    },
    "@aws-cdk/cx-api": {
      "version": "1.32.2",
      "resolved": "https://registry.npmjs.org/@aws-cdk/cx-api/-/cx-api-1.32.2.tgz",
      "integrity": "sha512-+QRa35r/54TTwegy8sLZLIwo1kAlQfYQtJ8KvlpapK7jvwJpbdQYjbPR/n0dYVmlTNb/R5Wb9+ulr5EYfJlXUw==",
      "dev": true,
      "requires": {
        "semver": "^7.2.1"
      },
      "dependencies": {
        "semver": {
          "version": "7.2.1",
          "bundled": true,
          "dev": true
        }
      }
    },
    "@aws-cdk/region-info": {
      "version": "1.32.2",
      "resolved": "https://registry.npmjs.org/@aws-cdk/region-info/-/region-info-1.32.2.tgz",
      "integrity": "sha512-ssXm6oWpghBWQPOVHf7TZqjcYiLMqc6K7pNGbZYn/Lm7d1HMtAFoOZAsREoVluACWYRPrG/lT17zZzb5ArKObg==",
      "dev": true
    },
    "@types/node": {
      "version": "10.14.17",
      "resolved": "https://registry.npmjs.org/@types/node/-/node-10.14.17.tgz",
      "integrity": "sha512-p/sGgiPaathCfOtqu2fx5Mu1bcjuP8ALFg4xpGgNkcin7LwRyzUKniEHBKdcE1RPsenq5JVPIpMTJSygLboygQ==",
      "dev": true
    },
    "arg": {
      "version": "4.1.3",
      "resolved": "https://registry.npmjs.org/arg/-/arg-4.1.3.tgz",
      "integrity": "sha512-58S9QDqG0Xx27YwPSt9fJxivjYl432YCwfDMfZ+71RAqUrZef7LrKQZ3LHLOwCS4FLNBplP533Zx895SeOCHvA==",
      "dev": true
    },
    "aws-cdk": {
      "version": "2.60.0",
      "resolved": "https://registry.npmjs.org/aws-cdk/-/aws-cdk-2.60.0.tgz",
      "integrity": "sha512-/kO8KGuJVCnkhnR+SmDHsAaaqmaTR6Vp/kpryohsBfKh/ZdOH1oKpviMiz167K6tUdin7x95Wjz/GZAfeiKPKg==",
      "dev": true,
      "requires": {
        "fsevents": "2.3.2"
      }
    },
    "aws-sdk": {
      "version": "2.887.0",
      "resolved": "https://registry.npmjs.org/aws-sdk/-/aws-sdk-2.887.0.tgz",
      "integrity": "sha512-jFRVrdyvBEYmSSrriA92dXDn1VgCXnz6Rax6wRGQDhyCWH+9NzZ7ZvIag2Yy2SLpvoRU7IaiEmiBLbNe/BksgA==",
      "dev": true,
      "requires": {
        "buffer": "4.9.2",
        "events": "1.1.1",
        "ieee754": "1.1.13",
        "jmespath": "0.15.0",
        "querystring": "0.2.0",
        "sax": "1.2.1",
        "url": "0.10.3",
        "uuid": "3.3.2",
        "xml2js": "0.4.19"
      },
      "dependencies": {
        "buffer": {
          "version": "4.9.2",
          "resolved": "https://registry.npmjs.org/buffer/-/buffer-4.9.2.tgz",
          "integrity": "sha512-xq+q3SRMOxGivLhBNaUdC64hDTQwejJ+H0T/NB1XMtTVEwNTrfFF3gAxiyW0Bu/xWEGhjVKgUcMhCrUy2+uCWg==",
          "dev": true,
          "requires": {
            "base64-js": "^1.0.2",
            "ieee754": "^1.1.4",
            "isarray": "^1.0.0"
          }
        }
      }
    },
    "base64-js": {
      "version": "1.3.1",
      "resolved": "https://registry.npmjs.org/base64-js/-/base64-js-1.3.1.tgz",
      "integrity": "sha512-mLQ4i2QO1ytvGWFWmcngKO//JXAQueZvwEKtjgQFM4jIK0kU+ytMfplL8j+n5mspOfjHwoAg+9yhb7BwAHm36g==",
      "dev": true
    },
    "buffer-from": {
      "version": "1.1.1",
      "resolved": "https://registry.npmjs.org/buffer-from/-/buffer-from-1.1.1.tgz",
      "integrity": "sha512-MQcXEUbCKtEo7bhqEs6560Hyd4XaovZlO/k9V3hjVUF/zwW7KBVdSK4gIt/bzwS9MbR5qob+F5jusZsb0YQK2A=="
    },
    "constructs": {
      "version": "2.0.1",
      "resolved": "https://registry.npmjs.org/constructs/-/constructs-2.0.1.tgz",
      "integrity": "sha512-edR85YFGI9TBT9byAo5vAfI0PRi+jFGzinwN3RAJwKfv6Yc9x9kALYfoEmgotp95qT7/k/iUQWHrH9BMJeqpdg==",
      "dev": true
    },
    "create-require": {
      "version": "1.1.1",
      "resolved": "https://registry.npmjs.org/create-require/-/create-require-1.1.1.tgz",
      "integrity": "sha512-dcKFX3jn0MpIaXjisoRvexIJVEKzaq7z2rZKxf+MSr9TkdmHmsU4m2lcLojrj/FHl8mk5VxMmYA+ftRkP/3oKQ==",
      "dev": true
    },
    "diff": {
      "version": "4.0.2",
      "resolved": "https://registry.npmjs.org/diff/-/diff-4.0.2.tgz",
      "integrity": "sha512-58lmxKSA4BNyLz+HHMUzlOEpg09FV+ev6ZMe3vJihgdxzgcwZ8VoEEPmALCZG9LmqfVoNMMKpttIYTVG6uDY7A==",
      "dev": true
    },
    "events": {
      "version": "1.1.1",
      "resolved": "https://registry.npmjs.org/events/-/events-1.1.1.tgz",
      "integrity": "sha1-nr23Y1rQmccNzEwqH1AEKI6L2SQ=",
      "dev": true
    },
    "fsevents": {
      "version": "2.3.2",
      "resolved": "https://registry.npmjs.org/fsevents/-/fsevents-2.3.2.tgz",
      "integrity": "sha512-xiqMQR4xAeHTuB9uWm+fFRcIOgKBMiOBP+eXiyT7jsgVCq1bkVygt00oASowB7EdtpOHaaPgKt812P9ab+DDKA==",
      "dev": true,
      "optional": true
    },
    "ieee754": {
      "version": "1.1.13",
      "resolved": "https://registry.npmjs.org/ieee754/-/ieee754-1.1.13.tgz",
      "integrity": "sha512-4vf7I2LYV/HaWerSo3XmlMkp5eZ83i+/CDluXi/IGTs/O1sejBNhTtnxzmRZfvOUqj7lZjqHkeTvpgSFDlWZTg==",
      "dev": true
    },
    "isarray": {
      "version": "1.0.0",
      "resolved": "https://registry.npmjs.org/isarray/-/isarray-1.0.0.tgz",
      "integrity": "sha1-u5NdSFgsuhaMBoNJV6VKPgcSTxE=",
      "dev": true
    },
    "jmespath": {
      "version": "0.15.0",
      "resolved": "https://registry.npmjs.org/jmespath/-/jmespath-0.15.0.tgz",
      "integrity": "sha1-o/Iiqarp+Wb10nx5ZRDigJF2Qhc=",
      "dev": true
    },
    "make-error": {
      "version": "1.3.6",
      "resolved": "https://registry.npmjs.org/make-error/-/make-error-1.3.6.tgz",
      "integrity": "sha512-s8UhlNe7vPKomQhC1qFelMokr/Sc3AgNbso3n74mVPA5LTZwkB9NlXf4XPamLxJE8h0gh73rM94xvwRT2CVInw==",
      "dev": true
    },
    "querystring": {
      "version": "0.2.0",
      "resolved": "https://registry.npmjs.org/querystring/-/querystring-0.2.0.tgz",
      "integrity": "sha1-sgmEkgO7Jd+CDadW50cAWHhSFiA=",
      "dev": true
    },
    "sax": {
      "version": "1.2.1",
      "resolved": "https://registry.npmjs.org/sax/-/sax-1.2.1.tgz",
      "integrity": "sha1-e45lYZCyKOgaZq6nSEgNgozS03o=",
      "dev": true
    },
    "source-map": {
      "version": "0.6.1",
      "resolved": "https://registry.npmjs.org/source-map/-/source-map-0.6.1.tgz",
      "integrity": "sha512-UjgapumWlbMhkBgzT7Ykc5YXUT46F0iKu8SGXq0bcwP5dz/h0Plj6enJqjz1Zbq2l5WaqYnrVbwWOWMyF3F47g=="
    },
    "source-map-support": {
      "version": "0.5.19",
      "resolved": "https://registry.npmjs.org/source-map-support/-/source-map-support-0.5.19.tgz",
      "integrity": "sha512-Wonm7zOCIJzBGQdB+thsPar0kYuCIzYvxZwlBa87yi/Mdjv7Tip2cyVbLj5o0cFPN4EVkuTwb3GDDyUx2DGnGw==",
      "requires": {
        "buffer-from": "^1.0.0",
        "source-map": "^0.6.0"
      }
    },
    "ts-node": {
      "version": "9.1.1",
      "resolved": "https://registry.npmjs.org/ts-node/-/ts-node-9.1.1.tgz",
      "integrity": "sha512-hPlt7ZACERQGf03M253ytLY3dHbGNGrAq9qIHWUY9XHYl1z7wYngSr3OQ5xmui8o2AaxsONxIzjafLUiWBo1Fg==",
      "dev": true,
      "requires": {
        "arg": "^4.1.0",
        "create-require": "^1.1.0",
        "diff": "^4.0.1",
        "make-error": "^1.1.1",
        "source-map-support": "^0.5.17",
        "yn": "3.1.1"
      }
    },
    "typescript": {
      "version": "4.4.3",
      "resolved": "https://registry.npmjs.org/typescript/-/typescript-4.4.3.tgz",
      "integrity": "sha512-4xfscpisVgqqDfPaJo5vkd+Qd/ItkoagnHpufr+i2QCHBsNYp+G7UAoyFl8aPtx879u38wPV65rZ8qbGZijalA==",
      "dev": true
    },
    "url": {
      "version": "0.10.3",
      "resolved": "https://registry.npmjs.org/url/-/url-0.10.3.tgz",
      "integrity": "sha1-Ah5NnHcF8hu/N9A861h2dAJ3TGQ=",
      "dev": true,
      "requires": {
        "punycode": "1.3.2",
        "querystring": "0.2.0"
      },
      "dependencies": {
        "punycode": {
          "version": "1.3.2",
          "resolved": "https://registry.npmjs.org/punycode/-/punycode-1.3.2.tgz",
          "integrity": "sha1-llOgNvt8HuQjQvIyXM7v6jkmxI0=",
          "dev": true
        }
      }
    },
    "uuid": {
      "version": "3.3.2",
      "resolved": "https://registry.npmjs.org/uuid/-/uuid-3.3.2.tgz",
      "integrity": "sha512-yXJmeNaw3DnnKAOKJE51sL/ZaYfWJRl1pK9dr19YFCu0ObS231AB1/LbqTKRAQ5kw8A90rA6fr4riOUpTZvQZA==",
      "dev": true
    },
    "xml2js": {
      "version": "0.4.19",
      "resolved": "https://registry.npmjs.org/xml2js/-/xml2js-0.4.19.tgz",
      "integrity": "sha512-esZnJZJOiJR9wWKMyuvSE1y6Dq5LCuJanqhxslH2bxM6duahNZ+HMpCLhBQGZkbX6xRf8x1Y2eJlgt2q3qo49Q==",
      "dev": true,
      "requires": {
        "sax": ">=0.6.0",
        "xmlbuilder": "~9.0.1"
      }
    },
    "xmlbuilder": {
      "version": "9.0.7",
      "resolved": "https://registry.npmjs.org/xmlbuilder/-/xmlbuilder-9.0.7.tgz",
      "integrity": "sha1-Ey7mPS7FVlxVfiD0wi35rKaGsQ0=",
      "dev": true
    },
    "yn": {
      "version": "3.1.1",
      "resolved": "https://registry.npmjs.org/yn/-/yn-3.1.1.tgz",
      "integrity": "sha512-Ux4ygGWsu2c7isFWe8Yu1YluJmqVhxqK2cLXNQA5AcC3QfbGNpM7fu0Y8b/z16pXLnFxZYvWhd3fhBY9DLmC6Q==",
      "dev": true
    }
  }
}
